{
  "name": "@vaibhavi123/fake-data",
  "version": "1.0.0",
  "lockfileVersion": 3,
  "requires": true,
  "packages": {
    "": {
      "name": "@vaibhavi123/fake-data",
      "version": "1.0.0",
      "license": "MIT",
      "dependencies": {
        "@vaibhavi123/fake-data": "^1.0.0"
      }
    },
    "node_modules/@vaibhavi123/fake-data": {
      "version": "1.0.0",
      "resolved": "https://registry.npmjs.org/@vaibhavi123/fake-data/-/fake-data-1.0.0.tgz",
      "integrity": "sha512-Z4EHNB52WRHJoEefnUDRNd4RwKDUbGM2LOLNWwJecNINLi9zSxGq5xyLo3DCtBLowPv+qOb9wS0zzj7hKNd+BA=="
    }
  }
}
